
Microsoft Visual Studio Solution File, Format Version 12.00
# 17
VisualStudioVersion = 17.0.31903.59
MinimumVisualStudioVersion = 10.0.40219.1
Project("{FAE04EC0-301F-11D3-BF4B-00C04F79EFBC}") = "VRT.MssqlTools.Decrypt.Cli", "VRT.MssqlTools.Decrypt.Cli\VRT.MssqlTools.Decrypt.Cli.csproj", "{60965045-BCCD-465E-857D-57B1DA10CE10}"
EndProject
Global
	GlobalSection(SolutionConfigurationPlatforms) = preSolution
		Debug|Any CPU = Debug|Any CPU
		Release|Any CPU = Release|Any CPU
	EndGlobalSection
	GlobalSection(ProjectConfigurationPlatforms) = postSolution
		{60965045-BCCD-465E-857D-57B1DA10CE10}.Debug|Any CPU.ActiveCfg = Debug|Any CPU
		{60965045-BCCD-465E-857D-57B1DA10CE10}.Debug|Any CPU.Build.0 = Debug|Any CPU
		{60965045-BCCD-465E-857D-57B1DA10CE10}.Release|Any CPU.ActiveCfg = Release|Any CPU
		{60965045-BCCD-465E-857D-57B1DA10CE10}.Release|Any CPU.Build.0 = Release|Any CPU
	EndGlobalSection
	GlobalSection(SolutionProperties) = preSolution
		HideSolutionNode = FALSE
	EndGlobalSection
	GlobalSection(ExtensibilityGlobals) = postSolution
		SolutionGuid = {46B0EE95-D5AB-4AE1-9A0D-3847CE19626A}
	EndGlobalSection
EndGlobal
